
Microsoft Visual Studio Solution File, Format Version 12.00
# Visual Studio Version 17
VisualStudioVersion = 17.5.002.0
MinimumVisualStudioVersion = 10.0.40219.1
Project("{9A19103F-16F7-4668-BE54-9A1E7A4F7556}") = "Vitor", "Vitor\Vitor.csproj", "{23A641E4-5EE8-4F71-A86C-3D0D5778E6A8}"
EndProject
Global
	GlobalSection(SolutionConfigurationPlatforms) = preSolution
		Debug|Any CPU = Debug|Any CPU
		Release|Any CPU = Release|Any CPU
	EndGlobalSection
	GlobalSection(ProjectConfigurationPlatforms) = postSolution
		{23A641E4-5EE8-4F71-A86C-3D0D5778E6A8}.Debug|Any CPU.ActiveCfg = Debug|Any CPU
		{23A641E4-5EE8-4F71-A86C-3D0D5778E6A8}.Debug|Any CPU.Build.0 = Debug|Any CPU
		{23A641E4-5EE8-4F71-A86C-3D0D5778E6A8}.Release|Any CPU.ActiveCfg = Release|Any CPU
		{23A641E4-5EE8-4F71-A86C-3D0D5778E6A8}.Release|Any CPU.Build.0 = Release|Any CPU
	EndGlobalSection
	GlobalSection(SolutionProperties) = preSolution
		HideSolutionNode = FALSE
	EndGlobalSection
	GlobalSection(ExtensibilityGlobals) = postSolution
		SolutionGuid = {D7332A54-63B0-4B8C-932C-84C4B1257DFB}
	EndGlobalSection
EndGlobal
